
Microsoft Visual Studio Solution File, Format Version 12.00
# Visual Studio Version 17
VisualStudioVersion = 17.9.34728.123
MinimumVisualStudioVersion = 10.0.40219.1
Project("{FAE04EC0-301F-11D3-BF4B-00C04F79EFBC}") = "PustokMiniProject", "PustokMiniProject\PustokMiniProject.csproj", "{7148562C-7794-4317-B039-06FDDEE014D1}"
EndProject
Project("{FAE04EC0-301F-11D3-BF4B-00C04F79EFBC}") = "Pustok.DAL", "Pustok.DAL\Pustok.DAL.csproj", "{1654C0AB-BFC5-4672-83D4-90E71617F0B1}"
EndProject
Project("{FAE04EC0-301F-11D3-BF4B-00C04F79EFBC}") = "Pustok.BLL", "Pustok.BLL\Pustok.BLL.csproj", "{53E07B8C-7890-49C1-A65C-42F9E8815C58}"
EndProject
Global
	GlobalSection(SolutionConfigurationPlatforms) = preSolution
		Debug|Any CPU = Debug|Any CPU
		Release|Any CPU = Release|Any CPU
	EndGlobalSection
	GlobalSection(ProjectConfigurationPlatforms) = postSolution
		{7148562C-7794-4317-B039-06FDDEE014D1}.Debug|Any CPU.ActiveCfg = Debug|Any CPU
		{7148562C-7794-4317-B039-06FDDEE014D1}.Debug|Any CPU.Build.0 = Debug|Any CPU
		{7148562C-7794-4317-B039-06FDDEE014D1}.Release|Any CPU.ActiveCfg = Release|Any CPU
		{7148562C-7794-4317-B039-06FDDEE014D1}.Release|Any CPU.Build.0 = Release|Any CPU
		{1654C0AB-BFC5-4672-83D4-90E71617F0B1}.Debug|Any CPU.ActiveCfg = Debug|Any CPU
		{1654C0AB-BFC5-4672-83D4-90E71617F0B1}.Debug|Any CPU.Build.0 = Debug|Any CPU
		{1654C0AB-BFC5-4672-83D4-90E71617F0B1}.Release|Any CPU.ActiveCfg = Release|Any CPU
		{1654C0AB-BFC5-4672-83D4-90E71617F0B1}.Release|Any CPU.Build.0 = Release|Any CPU
		{53E07B8C-7890-49C1-A65C-42F9E8815C58}.Debug|Any CPU.ActiveCfg = Debug|Any CPU
		{53E07B8C-7890-49C1-A65C-42F9E8815C58}.Debug|Any CPU.Build.0 = Debug|Any CPU
		{53E07B8C-7890-49C1-A65C-42F9E8815C58}.Release|Any CPU.ActiveCfg = Release|Any CPU
		{53E07B8C-7890-49C1-A65C-42F9E8815C58}.Release|Any CPU.Build.0 = Release|Any CPU
	EndGlobalSection
	GlobalSection(SolutionProperties) = preSolution
		HideSolutionNode = FALSE
	EndGlobalSection
	GlobalSection(ExtensibilityGlobals) = postSolution
		SolutionGuid = {2F6EB9CF-7BC6-4120-9CA3-459A0841E60F}
	EndGlobalSection
EndGlobal
